
Microsoft Visual Studio Solution File, Format Version 12.00
# Visual Studio Version 16
VisualStudioVersion = 16.0.31729.503
MinimumVisualStudioVersion = 10.0.40219.1
Project("{FAE04EC0-301F-11D3-BF4B-00C04F79EFBC}") = "DigitalBooksApi", "DigitalBooksApi.csproj", "{70798EC6-9E92-48FD-8823-E728C6CA060F}"
EndProject
Global
	GlobalSection(SolutionConfigurationPlatforms) = preSolution
		Debug|Any CPU = Debug|Any CPU
		Release|Any CPU = Release|Any CPU
	EndGlobalSection
	GlobalSection(ProjectConfigurationPlatforms) = postSolution
		{70798EC6-9E92-48FD-8823-E728C6CA060F}.Debug|Any CPU.ActiveCfg = Debug|Any CPU
		{70798EC6-9E92-48FD-8823-E728C6CA060F}.Debug|Any CPU.Build.0 = Debug|Any CPU
		{70798EC6-9E92-48FD-8823-E728C6CA060F}.Release|Any CPU.ActiveCfg = Release|Any CPU
		{70798EC6-9E92-48FD-8823-E728C6CA060F}.Release|Any CPU.Build.0 = Release|Any CPU
	EndGlobalSection
	GlobalSection(SolutionProperties) = preSolution
		HideSolutionNode = FALSE
	EndGlobalSection
	GlobalSection(ExtensibilityGlobals) = postSolution
		SolutionGuid = {41F38EBE-0089-48EF-AE39-343C11545790}
	EndGlobalSection
EndGlobal
